
Microsoft Visual Studio Solution File, Format Version 12.00
# Visual Studio Version 17
VisualStudioVersion = 17.0.32112.339
MinimumVisualStudioVersion = 10.0.40219.1
Project("{9A19103F-16F7-4668-BE54-9A1E7A4F7556}") = "AsmMessaround", "AsmMessaround\AsmMessaround.csproj", "{13E1F6A6-0DCB-48AA-82C6-87500FA04C2E}"
EndProject
Project("{9A19103F-16F7-4668-BE54-9A1E7A4F7556}") = "AsmGenerator", "AsmGenerator\AsmGenerator.csproj", "{648BB631-4B75-48AC-A565-EC414648F907}"
EndProject
Project("{2150E333-8FDC-42A3-9474-1A3956D46DE8}") = "Tests", "Tests", "{6353869D-661F-4CA2-96CC-99BA7CF141C4}"
EndProject
Project("{9A19103F-16F7-4668-BE54-9A1E7A4F7556}") = "AsmGenerator.Tests", "Tests\AsmGenerator.Tests\AsmGenerator.Tests.csproj", "{861D811F-88F7-4A31-84BA-F88390A147E7}"
EndProject
Project("{FAE04EC0-301F-11D3-BF4B-00C04F79EFBC}") = "AsmSourceHighlightingExtension", "AsmSourceHighlightingExtension\AsmSourceHighlightingExtension.csproj", "{C5A73D2F-95F0-4037-B3FD-AE8F231A1A5A}"
EndProject
Global
	GlobalSection(SolutionConfigurationPlatforms) = preSolution
		Debug|Any CPU = Debug|Any CPU
		Debug|arm64 = Debug|arm64
		Debug|x86 = Debug|x86
		Release|Any CPU = Release|Any CPU
		Release|arm64 = Release|arm64
		Release|x86 = Release|x86
	EndGlobalSection
	GlobalSection(ProjectConfigurationPlatforms) = postSolution
		{13E1F6A6-0DCB-48AA-82C6-87500FA04C2E}.Debug|Any CPU.ActiveCfg = Debug|Any CPU
		{13E1F6A6-0DCB-48AA-82C6-87500FA04C2E}.Debug|Any CPU.Build.0 = Debug|Any CPU
		{13E1F6A6-0DCB-48AA-82C6-87500FA04C2E}.Debug|arm64.ActiveCfg = Debug|Any CPU
		{13E1F6A6-0DCB-48AA-82C6-87500FA04C2E}.Debug|arm64.Build.0 = Debug|Any CPU
		{13E1F6A6-0DCB-48AA-82C6-87500FA04C2E}.Debug|x86.ActiveCfg = Debug|Any CPU
		{13E1F6A6-0DCB-48AA-82C6-87500FA04C2E}.Debug|x86.Build.0 = Debug|Any CPU
		{13E1F6A6-0DCB-48AA-82C6-87500FA04C2E}.Release|Any CPU.ActiveCfg = Release|Any CPU
		{13E1F6A6-0DCB-48AA-82C6-87500FA04C2E}.Release|Any CPU.Build.0 = Release|Any CPU
		{13E1F6A6-0DCB-48AA-82C6-87500FA04C2E}.Release|arm64.ActiveCfg = Release|Any CPU
		{13E1F6A6-0DCB-48AA-82C6-87500FA04C2E}.Release|arm64.Build.0 = Release|Any CPU
		{13E1F6A6-0DCB-48AA-82C6-87500FA04C2E}.Release|x86.ActiveCfg = Release|Any CPU
		{13E1F6A6-0DCB-48AA-82C6-87500FA04C2E}.Release|x86.Build.0 = Release|Any CPU
		{648BB631-4B75-48AC-A565-EC414648F907}.Debug|Any CPU.ActiveCfg = Debug|Any CPU
		{648BB631-4B75-48AC-A565-EC414648F907}.Debug|Any CPU.Build.0 = Debug|Any CPU
		{648BB631-4B75-48AC-A565-EC414648F907}.Debug|arm64.ActiveCfg = Debug|Any CPU
		{648BB631-4B75-48AC-A565-EC414648F907}.Debug|arm64.Build.0 = Debug|Any CPU
		{648BB631-4B75-48AC-A565-EC414648F907}.Debug|x86.ActiveCfg = Debug|Any CPU
		{648BB631-4B75-48AC-A565-EC414648F907}.Debug|x86.Build.0 = Debug|Any CPU
		{648BB631-4B75-48AC-A565-EC414648F907}.Release|Any CPU.ActiveCfg = Release|Any CPU
		{648BB631-4B75-48AC-A565-EC414648F907}.Release|Any CPU.Build.0 = Release|Any CPU
		{648BB631-4B75-48AC-A565-EC414648F907}.Release|arm64.ActiveCfg = Release|Any CPU
		{648BB631-4B75-48AC-A565-EC414648F907}.Release|arm64.Build.0 = Release|Any CPU
		{648BB631-4B75-48AC-A565-EC414648F907}.Release|x86.ActiveCfg = Release|Any CPU
		{648BB631-4B75-48AC-A565-EC414648F907}.Release|x86.Build.0 = Release|Any CPU
		{861D811F-88F7-4A31-84BA-F88390A147E7}.Debug|Any CPU.ActiveCfg = Debug|Any CPU
		{861D811F-88F7-4A31-84BA-F88390A147E7}.Debug|Any CPU.Build.0 = Debug|Any CPU
		{861D811F-88F7-4A31-84BA-F88390A147E7}.Debug|arm64.ActiveCfg = Debug|Any CPU
		{861D811F-88F7-4A31-84BA-F88390A147E7}.Debug|arm64.Build.0 = Debug|Any CPU
		{861D811F-88F7-4A31-84BA-F88390A147E7}.Debug|x86.ActiveCfg = Debug|Any CPU
		{861D811F-88F7-4A31-84BA-F88390A147E7}.Debug|x86.Build.0 = Debug|Any CPU
		{861D811F-88F7-4A31-84BA-F88390A147E7}.Release|Any CPU.ActiveCfg = Release|Any CPU
		{861D811F-88F7-4A31-84BA-F88390A147E7}.Release|Any CPU.Build.0 = Release|Any CPU
		{861D811F-88F7-4A31-84BA-F88390A147E7}.Release|arm64.ActiveCfg = Release|Any CPU
		{861D811F-88F7-4A31-84BA-F88390A147E7}.Release|arm64.Build.0 = Release|Any CPU
		{861D811F-88F7-4A31-84BA-F88390A147E7}.Release|x86.ActiveCfg = Release|Any CPU
		{861D811F-88F7-4A31-84BA-F88390A147E7}.Release|x86.Build.0 = Release|Any CPU
		{C5A73D2F-95F0-4037-B3FD-AE8F231A1A5A}.Debug|Any CPU.ActiveCfg = Debug|Any CPU
		{C5A73D2F-95F0-4037-B3FD-AE8F231A1A5A}.Debug|Any CPU.Build.0 = Debug|Any CPU
		{C5A73D2F-95F0-4037-B3FD-AE8F231A1A5A}.Debug|arm64.ActiveCfg = Debug|arm64
		{C5A73D2F-95F0-4037-B3FD-AE8F231A1A5A}.Debug|arm64.Build.0 = Debug|arm64
		{C5A73D2F-95F0-4037-B3FD-AE8F231A1A5A}.Debug|x86.ActiveCfg = Debug|x86
		{C5A73D2F-95F0-4037-B3FD-AE8F231A1A5A}.Debug|x86.Build.0 = Debug|x86
		{C5A73D2F-95F0-4037-B3FD-AE8F231A1A5A}.Release|Any CPU.ActiveCfg = Release|Any CPU
		{C5A73D2F-95F0-4037-B3FD-AE8F231A1A5A}.Release|Any CPU.Build.0 = Release|Any CPU
		{C5A73D2F-95F0-4037-B3FD-AE8F231A1A5A}.Release|arm64.ActiveCfg = Release|arm64
		{C5A73D2F-95F0-4037-B3FD-AE8F231A1A5A}.Release|arm64.Build.0 = Release|arm64
		{C5A73D2F-95F0-4037-B3FD-AE8F231A1A5A}.Release|x86.ActiveCfg = Release|x86
		{C5A73D2F-95F0-4037-B3FD-AE8F231A1A5A}.Release|x86.Build.0 = Release|x86
	EndGlobalSection
	GlobalSection(SolutionProperties) = preSolution
		HideSolutionNode = FALSE
	EndGlobalSection
	GlobalSection(NestedProjects) = preSolution
		{861D811F-88F7-4A31-84BA-F88390A147E7} = {6353869D-661F-4CA2-96CC-99BA7CF141C4}
	EndGlobalSection
	GlobalSection(ExtensibilityGlobals) = postSolution
		SolutionGuid = {59EA4D80-C015-4172-996F-6A0E48191FC0}
	EndGlobalSection
EndGlobal
